{
  "nodes": {
    "nixpkgs": {
      "locked": {
        "lastModified": 1726956652,
        "narHash": "sha256-+qnzsW2nWxp6DZn3oJ4I7A7ZgwE51CydgL+6O1J3ugw=",
        "owner": "NixOS",
        "repo": "nixpkgs",
        "rev": "d6941966e89d07b3747bb11a7be979682226b3dc",
        "type": "github"
      },
      "original": {
        "owner": "NixOS",
        "repo": "nixpkgs",
        "type": "github"
      }
    },
    "root": {
      "inputs": {
        "nixpkgs": "nixpkgs"
      }
    }
  },
  "root": "root",
  "version": 7
}
